
Microsoft Visual Studio Solution File, Format Version 12.00
# Visual Studio Version 17
VisualStudioVersion = 17.5.33414.496
MinimumVisualStudioVersion = 10.0.40219.1
Project("{FAE04EC0-301F-11D3-BF4B-00C04F79EFBC}") = "Client", "Client\Client.csproj", "{7F7B209D-EA0C-477A-8A2A-702144A8A979}"
EndProject
Project("{FAE04EC0-301F-11D3-BF4B-00C04F79EFBC}") = "Server", "Server\Server.csproj", "{2CFEF1B5-C077-48ED-BB7D-1AF9DE40509B}"
EndProject
Global
	GlobalSection(SolutionConfigurationPlatforms) = preSolution
		Debug|Any CPU = Debug|Any CPU
		Release|Any CPU = Release|Any CPU
	EndGlobalSection
	GlobalSection(ProjectConfigurationPlatforms) = postSolution
		{7F7B209D-EA0C-477A-8A2A-702144A8A979}.Debug|Any CPU.ActiveCfg = Debug|Any CPU
		{7F7B209D-EA0C-477A-8A2A-702144A8A979}.Debug|Any CPU.Build.0 = Debug|Any CPU
		{7F7B209D-EA0C-477A-8A2A-702144A8A979}.Release|Any CPU.ActiveCfg = Release|Any CPU
		{7F7B209D-EA0C-477A-8A2A-702144A8A979}.Release|Any CPU.Build.0 = Release|Any CPU
		{2CFEF1B5-C077-48ED-BB7D-1AF9DE40509B}.Debug|Any CPU.ActiveCfg = Debug|Any CPU
		{2CFEF1B5-C077-48ED-BB7D-1AF9DE40509B}.Debug|Any CPU.Build.0 = Debug|Any CPU
		{2CFEF1B5-C077-48ED-BB7D-1AF9DE40509B}.Release|Any CPU.ActiveCfg = Release|Any CPU
		{2CFEF1B5-C077-48ED-BB7D-1AF9DE40509B}.Release|Any CPU.Build.0 = Release|Any CPU
	EndGlobalSection
	GlobalSection(SolutionProperties) = preSolution
		HideSolutionNode = FALSE
	EndGlobalSection
	GlobalSection(ExtensibilityGlobals) = postSolution
		SolutionGuid = {074E1690-4EB1-42D6-B243-6FF831DD3110}
	EndGlobalSection
EndGlobal
